
Microsoft Visual Studio Solution File, Format Version 12.00
# Visual Studio Version 17
VisualStudioVersion = 17.5.33530.505
MinimumVisualStudioVersion = 10.0.40219.1
Project("{9A19103F-16F7-4668-BE54-9A1E7A4F7556}") = "winformkeys", "winformkeys\winformkeys.csproj", "{E3FF3BE7-3852-46E8-942A-DD8869D9C6AB}"
EndProject
Global
	GlobalSection(SolutionConfigurationPlatforms) = preSolution
		Debug|Any CPU = Debug|Any CPU
		Release|Any CPU = Release|Any CPU
	EndGlobalSection
	GlobalSection(ProjectConfigurationPlatforms) = postSolution
		{E3FF3BE7-3852-46E8-942A-DD8869D9C6AB}.Debug|Any CPU.ActiveCfg = Debug|Any CPU
		{E3FF3BE7-3852-46E8-942A-DD8869D9C6AB}.Debug|Any CPU.Build.0 = Debug|Any CPU
		{E3FF3BE7-3852-46E8-942A-DD8869D9C6AB}.Release|Any CPU.ActiveCfg = Release|Any CPU
		{E3FF3BE7-3852-46E8-942A-DD8869D9C6AB}.Release|Any CPU.Build.0 = Release|Any CPU
	EndGlobalSection
	GlobalSection(SolutionProperties) = preSolution
		HideSolutionNode = FALSE
	EndGlobalSection
	GlobalSection(ExtensibilityGlobals) = postSolution
		SolutionGuid = {8518FB17-AE39-4ADB-A26C-44B23D8C8765}
	EndGlobalSection
EndGlobal
